
Microsoft Visual Studio Solution File, Format Version 12.00
# Visual Studio Version 17
VisualStudioVersion = 17.4.33122.133
MinimumVisualStudioVersion = 10.0.40219.1
Project("{FAE04EC0-301F-11D3-BF4B-00C04F79EFBC}") = "ArchiveTask", "ArchiveTask.csproj", "{A56F4024-9550-4C36-BC67-10C4BF40B03D}"
EndProject
Global
	GlobalSection(SolutionConfigurationPlatforms) = preSolution
		Debug|Any CPU = Debug|Any CPU
		Release|Any CPU = Release|Any CPU
	EndGlobalSection
	GlobalSection(ProjectConfigurationPlatforms) = postSolution
		{A56F4024-9550-4C36-BC67-10C4BF40B03D}.Debug|Any CPU.ActiveCfg = Debug|Any CPU
		{A56F4024-9550-4C36-BC67-10C4BF40B03D}.Debug|Any CPU.Build.0 = Debug|Any CPU
		{A56F4024-9550-4C36-BC67-10C4BF40B03D}.Release|Any CPU.ActiveCfg = Release|Any CPU
		{A56F4024-9550-4C36-BC67-10C4BF40B03D}.Release|Any CPU.Build.0 = Release|Any CPU
	EndGlobalSection
	GlobalSection(SolutionProperties) = preSolution
		HideSolutionNode = FALSE
	EndGlobalSection
	GlobalSection(ExtensibilityGlobals) = postSolution
		SolutionGuid = {56A6128E-0D9A-427A-847A-3D75233A5417}
	EndGlobalSection
EndGlobal
